
Microsoft Visual Studio Solution File, Format Version 12.00
# Visual Studio 14
VisualStudioVersion = 14.0.25420.1
MinimumVisualStudioVersion = 10.0.40219.1
Project("{2150E333-8FDC-42A3-9474-1A3956D46DE8}") = "src", "src", "{D20E6A9A-416D-436D-AF23-62E377254D18}"
EndProject
Project("{2150E333-8FDC-42A3-9474-1A3956D46DE8}") = "Solution Items", "Solution Items", "{24702B2E-7FF6-473E-B1C2-C73A4DBE64CD}"
	ProjectSection(SolutionItems) = preProject
		global.json = global.json
	EndProjectSection
EndProject
Project("{8BB2217D-0F2D-49D1-97BC-3654ED321F3B}") = "CorePlat", "src\CorePlat\CorePlat.xproj", "{33095A63-27B7-4298-A5DA-D048C0F399E3}"
EndProject
Project("{2150E333-8FDC-42A3-9474-1A3956D46DE8}") = "WokeFlow", "WokeFlow", "{328D87ED-9DEA-45D6-A24B-03030DC109F5}"
EndProject
Project("{8BB2217D-0F2D-49D1-97BC-3654ED321F3B}") = "CP.DLMIS.Services", "CP.DLMIS.Services\CP.DLMIS.Services.xproj", "{8A86A636-A8ED-463C-9174-6BF0F9BD4469}"
EndProject
Project("{8BB2217D-0F2D-49D1-97BC-3654ED321F3B}") = "CP.WorkFlow.Designer.Web", "CP.WorkFlow.Designer.Web\CP.WorkFlow.Designer.Web.xproj", "{B9B0AC5C-BC98-4239-A2CD-A0F8B2ABEFF9}"
EndProject
Project("{2150E333-8FDC-42A3-9474-1A3956D46DE8}") = "Engine", "Engine", "{32C984FC-820D-4FD2-8108-60A6215ADB9E}"
EndProject
Project("{FAE04EC0-301F-11D3-BF4B-00C04F79EFBC}") = "Common", "Common\Common.csproj", "{D3B52CCC-BD6F-4F10-AEE7-17412F647EBD}"
EndProject
Project("{2150E333-8FDC-42A3-9474-1A3956D46DE8}") = "Web", "Web", "{DB1EDF64-C557-4BFC-850E-32039619C653}"
EndProject
Project("{FAE04EC0-301F-11D3-BF4B-00C04F79EFBC}") = "WebDemo", "WebDemo\WebDemo.csproj", "{3CFCF67D-BD57-4ADE-A21E-973D6646C945}"
EndProject
Global
	GlobalSection(SolutionConfigurationPlatforms) = preSolution
		Debug|Any CPU = Debug|Any CPU
		Release|Any CPU = Release|Any CPU
	EndGlobalSection
	GlobalSection(ProjectConfigurationPlatforms) = postSolution
		{33095A63-27B7-4298-A5DA-D048C0F399E3}.Debug|Any CPU.ActiveCfg = Debug|Any CPU
		{33095A63-27B7-4298-A5DA-D048C0F399E3}.Debug|Any CPU.Build.0 = Debug|Any CPU
		{33095A63-27B7-4298-A5DA-D048C0F399E3}.Release|Any CPU.ActiveCfg = Release|Any CPU
		{33095A63-27B7-4298-A5DA-D048C0F399E3}.Release|Any CPU.Build.0 = Release|Any CPU
		{8A86A636-A8ED-463C-9174-6BF0F9BD4469}.Debug|Any CPU.ActiveCfg = Debug|Any CPU
		{8A86A636-A8ED-463C-9174-6BF0F9BD4469}.Debug|Any CPU.Build.0 = Debug|Any CPU
		{8A86A636-A8ED-463C-9174-6BF0F9BD4469}.Release|Any CPU.ActiveCfg = Release|Any CPU
		{8A86A636-A8ED-463C-9174-6BF0F9BD4469}.Release|Any CPU.Build.0 = Release|Any CPU
		{B9B0AC5C-BC98-4239-A2CD-A0F8B2ABEFF9}.Debug|Any CPU.ActiveCfg = Debug|Any CPU
		{B9B0AC5C-BC98-4239-A2CD-A0F8B2ABEFF9}.Debug|Any CPU.Build.0 = Debug|Any CPU
		{B9B0AC5C-BC98-4239-A2CD-A0F8B2ABEFF9}.Release|Any CPU.ActiveCfg = Release|Any CPU
		{B9B0AC5C-BC98-4239-A2CD-A0F8B2ABEFF9}.Release|Any CPU.Build.0 = Release|Any CPU
		{D3B52CCC-BD6F-4F10-AEE7-17412F647EBD}.Debug|Any CPU.ActiveCfg = Debug|Any CPU
		{D3B52CCC-BD6F-4F10-AEE7-17412F647EBD}.Debug|Any CPU.Build.0 = Debug|Any CPU
		{D3B52CCC-BD6F-4F10-AEE7-17412F647EBD}.Release|Any CPU.ActiveCfg = Release|Any CPU
		{D3B52CCC-BD6F-4F10-AEE7-17412F647EBD}.Release|Any CPU.Build.0 = Release|Any CPU
		{3CFCF67D-BD57-4ADE-A21E-973D6646C945}.Debug|Any CPU.ActiveCfg = Debug|Any CPU
		{3CFCF67D-BD57-4ADE-A21E-973D6646C945}.Debug|Any CPU.Build.0 = Debug|Any CPU
		{3CFCF67D-BD57-4ADE-A21E-973D6646C945}.Release|Any CPU.ActiveCfg = Release|Any CPU
		{3CFCF67D-BD57-4ADE-A21E-973D6646C945}.Release|Any CPU.Build.0 = Release|Any CPU
	EndGlobalSection
	GlobalSection(SolutionProperties) = preSolution
		HideSolutionNode = FALSE
	EndGlobalSection
	GlobalSection(NestedProjects) = preSolution
		{33095A63-27B7-4298-A5DA-D048C0F399E3} = {D20E6A9A-416D-436D-AF23-62E377254D18}
		{8A86A636-A8ED-463C-9174-6BF0F9BD4469} = {328D87ED-9DEA-45D6-A24B-03030DC109F5}
		{B9B0AC5C-BC98-4239-A2CD-A0F8B2ABEFF9} = {328D87ED-9DEA-45D6-A24B-03030DC109F5}
		{D3B52CCC-BD6F-4F10-AEE7-17412F647EBD} = {32C984FC-820D-4FD2-8108-60A6215ADB9E}
		{3CFCF67D-BD57-4ADE-A21E-973D6646C945} = {DB1EDF64-C557-4BFC-850E-32039619C653}
	EndGlobalSection
EndGlobal
